
Microsoft Visual Studio Solution File, Format Version 12.00
# Visual Studio 14
VisualStudioVersion = 14.0.25420.1
MinimumVisualStudioVersion = 10.0.40219.1
Project("{8BC9CEB8-8B4A-11D0-8D11-00A0C91BC942}") = "CuttsEglenSTTC", "CuttsEglenSTTC\CuttsEglenSTTC.vcxproj", "{FA6773EE-44FE-4263-AC24-B515691F136A}"
EndProject
Project("{FAE04EC0-301F-11D3-BF4B-00C04F79EFBC}") = "SttcCalc", "SttcCalc\SttcCalc.csproj", "{E8BA39D5-3254-4979-BFE4-11CADAD2AA1D}"
EndProject
Global
	GlobalSection(SolutionConfigurationPlatforms) = preSolution
		Debug|x64 = Debug|x64
		Debug|x86 = Debug|x86
		Release|x64 = Release|x64
		Release|x86 = Release|x86
	EndGlobalSection
	GlobalSection(ProjectConfigurationPlatforms) = postSolution
		{FA6773EE-44FE-4263-AC24-B515691F136A}.Debug|x64.ActiveCfg = Debug|x64
		{FA6773EE-44FE-4263-AC24-B515691F136A}.Debug|x64.Build.0 = Debug|x64
		{FA6773EE-44FE-4263-AC24-B515691F136A}.Debug|x86.ActiveCfg = Debug|Win32
		{FA6773EE-44FE-4263-AC24-B515691F136A}.Debug|x86.Build.0 = Debug|Win32
		{FA6773EE-44FE-4263-AC24-B515691F136A}.Release|x64.ActiveCfg = Release|x64
		{FA6773EE-44FE-4263-AC24-B515691F136A}.Release|x64.Build.0 = Release|x64
		{FA6773EE-44FE-4263-AC24-B515691F136A}.Release|x86.ActiveCfg = Release|Win32
		{FA6773EE-44FE-4263-AC24-B515691F136A}.Release|x86.Build.0 = Release|Win32
		{E8BA39D5-3254-4979-BFE4-11CADAD2AA1D}.Debug|x64.ActiveCfg = Debug|x64
		{E8BA39D5-3254-4979-BFE4-11CADAD2AA1D}.Debug|x64.Build.0 = Debug|x64
		{E8BA39D5-3254-4979-BFE4-11CADAD2AA1D}.Debug|x86.ActiveCfg = Debug|x86
		{E8BA39D5-3254-4979-BFE4-11CADAD2AA1D}.Debug|x86.Build.0 = Debug|x86
		{E8BA39D5-3254-4979-BFE4-11CADAD2AA1D}.Release|x64.ActiveCfg = Release|x64
		{E8BA39D5-3254-4979-BFE4-11CADAD2AA1D}.Release|x64.Build.0 = Release|x64
		{E8BA39D5-3254-4979-BFE4-11CADAD2AA1D}.Release|x86.ActiveCfg = Release|x86
		{E8BA39D5-3254-4979-BFE4-11CADAD2AA1D}.Release|x86.Build.0 = Release|x86
	EndGlobalSection
	GlobalSection(SolutionProperties) = preSolution
		HideSolutionNode = FALSE
	EndGlobalSection
EndGlobal
